
Microsoft Visual Studio Solution File, Format Version 12.00
# Visual Studio Version 17
VisualStudioVersion = 17.3.32922.545
MinimumVisualStudioVersion = 10.0.40219.1
Project("{FAE04EC0-301F-11D3-BF4B-00C04F79EFBC}") = "PaymentAccount", "PaymentAccount\PaymentAccount.csproj", "{9C51457A-D1D6-4674-9C07-DE83F3E71ADE}"
EndProject
Global
	GlobalSection(SolutionConfigurationPlatforms) = preSolution
		Debug|Any CPU = Debug|Any CPU
		Release|Any CPU = Release|Any CPU
	EndGlobalSection
	GlobalSection(ProjectConfigurationPlatforms) = postSolution
		{9C51457A-D1D6-4674-9C07-DE83F3E71ADE}.Debug|Any CPU.ActiveCfg = Debug|Any CPU
		{9C51457A-D1D6-4674-9C07-DE83F3E71ADE}.Debug|Any CPU.Build.0 = Debug|Any CPU
		{9C51457A-D1D6-4674-9C07-DE83F3E71ADE}.Release|Any CPU.ActiveCfg = Release|Any CPU
		{9C51457A-D1D6-4674-9C07-DE83F3E71ADE}.Release|Any CPU.Build.0 = Release|Any CPU
	EndGlobalSection
	GlobalSection(SolutionProperties) = preSolution
		HideSolutionNode = FALSE
	EndGlobalSection
	GlobalSection(ExtensibilityGlobals) = postSolution
		SolutionGuid = {78E77D41-4B6C-4F2D-A6CE-A004BA859E05}
	EndGlobalSection
EndGlobal
